
Microsoft Visual Studio Solution File, Format Version 12.00
# Visual Studio Version 16
VisualStudioVersion = 16.0.30114.105
MinimumVisualStudioVersion = 10.0.40219.1
Project("{9A19103F-16F7-4668-BE54-9A1E7A4F7556}") = "GamePVP", "GamePVP\GamePVP.csproj", "{21DFCF6B-C8CC-4632-B9C4-7B7A53D404BE}"
EndProject
Project("{9A19103F-16F7-4668-BE54-9A1E7A4F7556}") = "BattleUnit", "BattleUnit\BattleUnit.csproj", "{FF4C2E81-FE77-4978-B3BF-851D376048E3}"
EndProject
Project("{2150E333-8FDC-42A3-9474-1A3956D46DE8}") = "AllLogic", "AllLogic", "{A8E401C8-910B-4D48-9DE1-F4FC922F25B8}"
EndProject
Project("{2150E333-8FDC-42A3-9474-1A3956D46DE8}") = "AllDal", "AllDal", "{724C218A-843C-478B-881A-F8A7CD649539}"
EndProject
Project("{2150E333-8FDC-42A3-9474-1A3956D46DE8}") = "AllModel", "AllModel", "{90FF585A-4E28-47D2-A495-77A5EFEFED77}"
EndProject
Project("{FAE04EC0-301F-11D3-BF4B-00C04F79EFBC}") = "Logic", "UserManager\Logic.csproj", "{7C764438-103D-463D-975D-1406823C8A52}"
EndProject
Project("{FAE04EC0-301F-11D3-BF4B-00C04F79EFBC}") = "LogicFactory", "LogicFactory\LogicFactory.csproj", "{B1580128-A3CA-4EBD-BB64-5A1AB9235328}"
EndProject
Project("{FAE04EC0-301F-11D3-BF4B-00C04F79EFBC}") = "ILoigc", "ILoigc\ILoigc.csproj", "{E959ED63-97AB-40E8-AE29-443C20C64001}"
EndProject
Project("{FAE04EC0-301F-11D3-BF4B-00C04F79EFBC}") = "Model", "Models\Model.csproj", "{767BEF21-A1C8-4CD7-B8E2-2C4DAECD5CE7}"
EndProject
Project("{FAE04EC0-301F-11D3-BF4B-00C04F79EFBC}") = "IDal", "IDal\IDal.csproj", "{75C1528B-08C7-4CB4-9477-7D7040BF0886}"
EndProject
Project("{FAE04EC0-301F-11D3-BF4B-00C04F79EFBC}") = "Dal", "Dal\Dal.csproj", "{24B6B290-80E9-4664-88C4-062BC2C57D45}"
EndProject
Project("{FAE04EC0-301F-11D3-BF4B-00C04F79EFBC}") = "DalFactory", "DalFactory\DalFactory.csproj", "{E5D2487F-7BDB-4782-8128-93D863A6693B}"
EndProject
Project("{FAE04EC0-301F-11D3-BF4B-00C04F79EFBC}") = "IModel", "IUser\IModel.csproj", "{94CB9FA7-C7A7-4489-B2D9-E398304CD707}"
EndProject
Project("{FAE04EC0-301F-11D3-BF4B-00C04F79EFBC}") = "ModelFactory", "ModelFactory\ModelFactory.csproj", "{634EEB7E-02F6-40C5-B4CE-D4F7D16252CB}"
EndProject
Global
	GlobalSection(SolutionConfigurationPlatforms) = preSolution
		Debug|Any CPU = Debug|Any CPU
		Release|Any CPU = Release|Any CPU
	EndGlobalSection
	GlobalSection(ProjectConfigurationPlatforms) = postSolution
		{21DFCF6B-C8CC-4632-B9C4-7B7A53D404BE}.Debug|Any CPU.ActiveCfg = Debug|Any CPU
		{21DFCF6B-C8CC-4632-B9C4-7B7A53D404BE}.Debug|Any CPU.Build.0 = Debug|Any CPU
		{21DFCF6B-C8CC-4632-B9C4-7B7A53D404BE}.Release|Any CPU.ActiveCfg = Release|Any CPU
		{21DFCF6B-C8CC-4632-B9C4-7B7A53D404BE}.Release|Any CPU.Build.0 = Release|Any CPU
		{FF4C2E81-FE77-4978-B3BF-851D376048E3}.Debug|Any CPU.ActiveCfg = Debug|Any CPU
		{FF4C2E81-FE77-4978-B3BF-851D376048E3}.Debug|Any CPU.Build.0 = Debug|Any CPU
		{FF4C2E81-FE77-4978-B3BF-851D376048E3}.Release|Any CPU.ActiveCfg = Release|Any CPU
		{FF4C2E81-FE77-4978-B3BF-851D376048E3}.Release|Any CPU.Build.0 = Release|Any CPU
		{7C764438-103D-463D-975D-1406823C8A52}.Debug|Any CPU.ActiveCfg = Debug|Any CPU
		{7C764438-103D-463D-975D-1406823C8A52}.Debug|Any CPU.Build.0 = Debug|Any CPU
		{7C764438-103D-463D-975D-1406823C8A52}.Release|Any CPU.ActiveCfg = Release|Any CPU
		{7C764438-103D-463D-975D-1406823C8A52}.Release|Any CPU.Build.0 = Release|Any CPU
		{B1580128-A3CA-4EBD-BB64-5A1AB9235328}.Debug|Any CPU.ActiveCfg = Debug|Any CPU
		{B1580128-A3CA-4EBD-BB64-5A1AB9235328}.Debug|Any CPU.Build.0 = Debug|Any CPU
		{B1580128-A3CA-4EBD-BB64-5A1AB9235328}.Release|Any CPU.ActiveCfg = Release|Any CPU
		{B1580128-A3CA-4EBD-BB64-5A1AB9235328}.Release|Any CPU.Build.0 = Release|Any CPU
		{E959ED63-97AB-40E8-AE29-443C20C64001}.Debug|Any CPU.ActiveCfg = Debug|Any CPU
		{E959ED63-97AB-40E8-AE29-443C20C64001}.Debug|Any CPU.Build.0 = Debug|Any CPU
		{E959ED63-97AB-40E8-AE29-443C20C64001}.Release|Any CPU.ActiveCfg = Release|Any CPU
		{E959ED63-97AB-40E8-AE29-443C20C64001}.Release|Any CPU.Build.0 = Release|Any CPU
		{767BEF21-A1C8-4CD7-B8E2-2C4DAECD5CE7}.Debug|Any CPU.ActiveCfg = Debug|Any CPU
		{767BEF21-A1C8-4CD7-B8E2-2C4DAECD5CE7}.Debug|Any CPU.Build.0 = Debug|Any CPU
		{767BEF21-A1C8-4CD7-B8E2-2C4DAECD5CE7}.Release|Any CPU.ActiveCfg = Release|Any CPU
		{767BEF21-A1C8-4CD7-B8E2-2C4DAECD5CE7}.Release|Any CPU.Build.0 = Release|Any CPU
		{75C1528B-08C7-4CB4-9477-7D7040BF0886}.Debug|Any CPU.ActiveCfg = Debug|Any CPU
		{75C1528B-08C7-4CB4-9477-7D7040BF0886}.Debug|Any CPU.Build.0 = Debug|Any CPU
		{75C1528B-08C7-4CB4-9477-7D7040BF0886}.Release|Any CPU.ActiveCfg = Release|Any CPU
		{75C1528B-08C7-4CB4-9477-7D7040BF0886}.Release|Any CPU.Build.0 = Release|Any CPU
		{24B6B290-80E9-4664-88C4-062BC2C57D45}.Debug|Any CPU.ActiveCfg = Debug|Any CPU
		{24B6B290-80E9-4664-88C4-062BC2C57D45}.Debug|Any CPU.Build.0 = Debug|Any CPU
		{24B6B290-80E9-4664-88C4-062BC2C57D45}.Release|Any CPU.ActiveCfg = Release|Any CPU
		{24B6B290-80E9-4664-88C4-062BC2C57D45}.Release|Any CPU.Build.0 = Release|Any CPU
		{E5D2487F-7BDB-4782-8128-93D863A6693B}.Debug|Any CPU.ActiveCfg = Debug|Any CPU
		{E5D2487F-7BDB-4782-8128-93D863A6693B}.Debug|Any CPU.Build.0 = Debug|Any CPU
		{E5D2487F-7BDB-4782-8128-93D863A6693B}.Release|Any CPU.ActiveCfg = Release|Any CPU
		{E5D2487F-7BDB-4782-8128-93D863A6693B}.Release|Any CPU.Build.0 = Release|Any CPU
		{94CB9FA7-C7A7-4489-B2D9-E398304CD707}.Debug|Any CPU.ActiveCfg = Debug|Any CPU
		{94CB9FA7-C7A7-4489-B2D9-E398304CD707}.Debug|Any CPU.Build.0 = Debug|Any CPU
		{94CB9FA7-C7A7-4489-B2D9-E398304CD707}.Release|Any CPU.ActiveCfg = Release|Any CPU
		{94CB9FA7-C7A7-4489-B2D9-E398304CD707}.Release|Any CPU.Build.0 = Release|Any CPU
		{634EEB7E-02F6-40C5-B4CE-D4F7D16252CB}.Debug|Any CPU.ActiveCfg = Debug|Any CPU
		{634EEB7E-02F6-40C5-B4CE-D4F7D16252CB}.Debug|Any CPU.Build.0 = Debug|Any CPU
		{634EEB7E-02F6-40C5-B4CE-D4F7D16252CB}.Release|Any CPU.ActiveCfg = Release|Any CPU
		{634EEB7E-02F6-40C5-B4CE-D4F7D16252CB}.Release|Any CPU.Build.0 = Release|Any CPU
	EndGlobalSection
	GlobalSection(SolutionProperties) = preSolution
		HideSolutionNode = FALSE
	EndGlobalSection
	GlobalSection(NestedProjects) = preSolution
		{7C764438-103D-463D-975D-1406823C8A52} = {A8E401C8-910B-4D48-9DE1-F4FC922F25B8}
		{B1580128-A3CA-4EBD-BB64-5A1AB9235328} = {A8E401C8-910B-4D48-9DE1-F4FC922F25B8}
		{E959ED63-97AB-40E8-AE29-443C20C64001} = {A8E401C8-910B-4D48-9DE1-F4FC922F25B8}
		{767BEF21-A1C8-4CD7-B8E2-2C4DAECD5CE7} = {90FF585A-4E28-47D2-A495-77A5EFEFED77}
		{75C1528B-08C7-4CB4-9477-7D7040BF0886} = {724C218A-843C-478B-881A-F8A7CD649539}
		{24B6B290-80E9-4664-88C4-062BC2C57D45} = {724C218A-843C-478B-881A-F8A7CD649539}
		{E5D2487F-7BDB-4782-8128-93D863A6693B} = {724C218A-843C-478B-881A-F8A7CD649539}
		{94CB9FA7-C7A7-4489-B2D9-E398304CD707} = {90FF585A-4E28-47D2-A495-77A5EFEFED77}
		{634EEB7E-02F6-40C5-B4CE-D4F7D16252CB} = {90FF585A-4E28-47D2-A495-77A5EFEFED77}
	EndGlobalSection
	GlobalSection(ExtensibilityGlobals) = postSolution
		SolutionGuid = {C7409951-1B42-4663-948A-3DBEE88DAB5D}
	EndGlobalSection
EndGlobal
